
Microsoft Visual Studio Solution File, Format Version 12.00
# Visual Studio 2013
VisualStudioVersion = 12.0.21005.1
MinimumVisualStudioVersion = 10.0.40219.1
Project("{FAE04EC0-301F-11D3-BF4B-00C04F79EFBC}") = "AccountingPlus", "AccountingPlus\AccountingPlus.csproj", "{884E4145-897E-4B90-8AB2-959E18EF0D9D}"
EndProject
Project("{FAE04EC0-301F-11D3-BF4B-00C04F79EFBC}") = "AccountingPlusDAL", "AccountingPlusDAL\AccountingPlusDAL.csproj", "{357E390A-9A9C-4CF8-9EBD-59A750E6977C}"
EndProject
Global
	GlobalSection(SolutionConfigurationPlatforms) = preSolution
		Debug|Any CPU = Debug|Any CPU
		Release|Any CPU = Release|Any CPU
	EndGlobalSection
	GlobalSection(ProjectConfigurationPlatforms) = postSolution
		{884E4145-897E-4B90-8AB2-959E18EF0D9D}.Debug|Any CPU.ActiveCfg = Debug|Any CPU
		{884E4145-897E-4B90-8AB2-959E18EF0D9D}.Debug|Any CPU.Build.0 = Debug|Any CPU
		{884E4145-897E-4B90-8AB2-959E18EF0D9D}.Release|Any CPU.ActiveCfg = Release|Any CPU
		{884E4145-897E-4B90-8AB2-959E18EF0D9D}.Release|Any CPU.Build.0 = Release|Any CPU
		{357E390A-9A9C-4CF8-9EBD-59A750E6977C}.Debug|Any CPU.ActiveCfg = Debug|Any CPU
		{357E390A-9A9C-4CF8-9EBD-59A750E6977C}.Debug|Any CPU.Build.0 = Debug|Any CPU
		{357E390A-9A9C-4CF8-9EBD-59A750E6977C}.Release|Any CPU.ActiveCfg = Release|Any CPU
		{357E390A-9A9C-4CF8-9EBD-59A750E6977C}.Release|Any CPU.Build.0 = Release|Any CPU
	EndGlobalSection
	GlobalSection(SolutionProperties) = preSolution
		HideSolutionNode = FALSE
	EndGlobalSection
EndGlobal
